
Microsoft Visual Studio Solution File, Format Version 12.00
# Visual Studio Version 17
VisualStudioVersion = 17.4.33205.214
MinimumVisualStudioVersion = 10.0.40219.1
Project("{9A19103F-16F7-4668-BE54-9A1E7A4F7556}") = "WebShop", "WebShop\WebShop.csproj", "{D6119DE2-710A-43CE-B887-CB8AB51FE2F3}"
EndProject
Project("{9A19103F-16F7-4668-BE54-9A1E7A4F7556}") = "Database", "Database\Database.csproj", "{9E32D1BD-BC48-4A46-BD3E-E32C34A191F9}"
EndProject
Project("{9A19103F-16F7-4668-BE54-9A1E7A4F7556}") = "Service", "Service\Service.csproj", "{065D9429-3F38-4F35-92FF-94A89BB0557F}"
EndProject
Project("{9A19103F-16F7-4668-BE54-9A1E7A4F7556}") = "Core", "Core\Core.csproj", "{1E52F04C-B086-4DA9-93C5-ADA76EF3ACF0}"
EndProject
Project("{FAE04EC0-301F-11D3-BF4B-00C04F79EFBC}") = "Models", "Models\Models.csproj", "{4E425813-3723-4496-9302-688A824130F1}"
EndProject
Global
	GlobalSection(SolutionConfigurationPlatforms) = preSolution
		Debug|Any CPU = Debug|Any CPU
		Release|Any CPU = Release|Any CPU
	EndGlobalSection
	GlobalSection(ProjectConfigurationPlatforms) = postSolution
		{D6119DE2-710A-43CE-B887-CB8AB51FE2F3}.Debug|Any CPU.ActiveCfg = Debug|Any CPU
		{D6119DE2-710A-43CE-B887-CB8AB51FE2F3}.Debug|Any CPU.Build.0 = Debug|Any CPU
		{D6119DE2-710A-43CE-B887-CB8AB51FE2F3}.Release|Any CPU.ActiveCfg = Release|Any CPU
		{D6119DE2-710A-43CE-B887-CB8AB51FE2F3}.Release|Any CPU.Build.0 = Release|Any CPU
		{9E32D1BD-BC48-4A46-BD3E-E32C34A191F9}.Debug|Any CPU.ActiveCfg = Debug|Any CPU
		{9E32D1BD-BC48-4A46-BD3E-E32C34A191F9}.Debug|Any CPU.Build.0 = Debug|Any CPU
		{9E32D1BD-BC48-4A46-BD3E-E32C34A191F9}.Release|Any CPU.ActiveCfg = Release|Any CPU
		{9E32D1BD-BC48-4A46-BD3E-E32C34A191F9}.Release|Any CPU.Build.0 = Release|Any CPU
		{065D9429-3F38-4F35-92FF-94A89BB0557F}.Debug|Any CPU.ActiveCfg = Debug|Any CPU
		{065D9429-3F38-4F35-92FF-94A89BB0557F}.Debug|Any CPU.Build.0 = Debug|Any CPU
		{065D9429-3F38-4F35-92FF-94A89BB0557F}.Release|Any CPU.ActiveCfg = Release|Any CPU
		{065D9429-3F38-4F35-92FF-94A89BB0557F}.Release|Any CPU.Build.0 = Release|Any CPU
		{1E52F04C-B086-4DA9-93C5-ADA76EF3ACF0}.Debug|Any CPU.ActiveCfg = Debug|Any CPU
		{1E52F04C-B086-4DA9-93C5-ADA76EF3ACF0}.Debug|Any CPU.Build.0 = Debug|Any CPU
		{1E52F04C-B086-4DA9-93C5-ADA76EF3ACF0}.Release|Any CPU.ActiveCfg = Release|Any CPU
		{1E52F04C-B086-4DA9-93C5-ADA76EF3ACF0}.Release|Any CPU.Build.0 = Release|Any CPU
		{4E425813-3723-4496-9302-688A824130F1}.Debug|Any CPU.ActiveCfg = Debug|Any CPU
		{4E425813-3723-4496-9302-688A824130F1}.Debug|Any CPU.Build.0 = Debug|Any CPU
		{4E425813-3723-4496-9302-688A824130F1}.Release|Any CPU.ActiveCfg = Release|Any CPU
		{4E425813-3723-4496-9302-688A824130F1}.Release|Any CPU.Build.0 = Release|Any CPU
	EndGlobalSection
	GlobalSection(SolutionProperties) = preSolution
		HideSolutionNode = FALSE
	EndGlobalSection
	GlobalSection(ExtensibilityGlobals) = postSolution
		SolutionGuid = {CC24F319-C053-4EDB-B55E-EEDCE346D812}
	EndGlobalSection
EndGlobal
